// !$*UTF8*$!
{
	archiveVersion = 1;
	classes = {
	};
	objectVersion = 46;
	objects = {

/* Begin PBXBuildFile section */
		3F32C5E61EA50C980020A56C /* FunViewController.swift in Sources */ = {isa = PBXBuildFile; fileRef = 3F32C5E51EA50C980020A56C /* FunViewController.swift */; };
		3F48B07F1EC9F66900049891 /* MedicalSchedulingViewController.swift in Sources */ = {isa = PBXBuildFile; fileRef = 3F48B07E1EC9F66900049891 /* MedicalSchedulingViewController.swift */; };
		3F48B0811EC9F74600049891 /* MedicalTableViewController.swift in Sources */ = {isa = PBXBuildFile; fileRef = 3F48B0801EC9F74600049891 /* MedicalTableViewController.swift */; };
		3F48B0831EC9F7A900049891 /* MedicalItem.swift in Sources */ = {isa = PBXBuildFile; fileRef = 3F48B0821EC9F7A900049891 /* MedicalItem.swift */; };
		3F48B0851EC9F7C400049891 /* MedicalList.swift in Sources */ = {isa = PBXBuildFile; fileRef = 3F48B0841EC9F7C400049891 /* MedicalList.swift */; };
		3F4BA05B1EA8FFBC0084B1FA /* LoginViewController.swift in Sources */ = {isa = PBXBuildFile; fileRef = 3F4BA05A1EA8FFBC0084B1FA /* LoginViewController.swift */; };
		3F64BA651EC4ACF60094058F /* SleepTableViewController.swift in Sources */ = {isa = PBXBuildFile; fileRef = 3F64BA641EC4ACF60094058F /* SleepTableViewController.swift */; };
		3F9891571E9727C500D4892E /* Review.swift in Sources */ = {isa = PBXBuildFile; fileRef = 3F9891561E9727C500D4892E /* Review.swift */; };
		3F9891591E9727EE00D4892E /* ReviewTableViewController.swift in Sources */ = {isa = PBXBuildFile; fileRef = 3F9891581E9727EE00D4892E /* ReviewTableViewController.swift */; };
		3F98915B1E97280300D4892E /* ReviewTableViewCell.swift in Sources */ = {isa = PBXBuildFile; fileRef = 3F98915A1E97280300D4892E /* ReviewTableViewCell.swift */; };
		3F98915D1E97290500D4892E /* StarControl.swift in Sources */ = {isa = PBXBuildFile; fileRef = 3F98915C1E97290500D4892E /* StarControl.swift */; };
		3FACCC5D1EA7AD7300470A3C /* NewPasswordTableViewCell.swift in Sources */ = {isa = PBXBuildFile; fileRef = 3FACCC5C1EA7AD7300470A3C /* NewPasswordTableViewCell.swift */; };
		3FE420D21E9686D100686AEC /* MainPasswordViewController.swift in Sources */ = {isa = PBXBuildFile; fileRef = 3FE420D11E9686D100686AEC /* MainPasswordViewController.swift */; };
		3FF801761E9BD29800EFF1F9 /* PasswordClass.swift in Sources */ = {isa = PBXBuildFile; fileRef = 3FF801751E9BD29800EFF1F9 /* PasswordClass.swift */; };
		3FFB19871E82BD3800401134 /* AppDelegate.swift in Sources */ = {isa = PBXBuildFile; fileRef = 3FFB19861E82BD3800401134 /* AppDelegate.swift */; };
		3FFB198C1E82BD3800401134 /* Main.storyboard in Resources */ = {isa = PBXBuildFile; fileRef = 3FFB198A1E82BD3800401134 /* Main.storyboard */; };
		3FFB198E1E82BD3800401134 /* Assets.xcassets in Resources */ = {isa = PBXBuildFile; fileRef = 3FFB198D1E82BD3800401134 /* Assets.xcassets */; };
		3FFB19911E82BD3800401134 /* LaunchScreen.storyboard in Resources */ = {isa = PBXBuildFile; fileRef = 3FFB198F1E82BD3800401134 /* LaunchScreen.storyboard */; };
		3FFB199C1E82BD3800401134 /* Essence_of_LifeTests.swift in Sources */ = {isa = PBXBuildFile; fileRef = 3FFB199B1E82BD3800401134 /* Essence_of_LifeTests.swift */; };
		3FFB19A71E82BD3800401134 /* Essence_of_LifeUITests.swift in Sources */ = {isa = PBXBuildFile; fileRef = 3FFB19A61E82BD3800401134 /* Essence_of_LifeUITests.swift */; };
/* End PBXBuildFile section */

/* Begin PBXContainerItemProxy section */
		3FFB19981E82BD3800401134 /* PBXContainerItemProxy */ = {
			isa = PBXContainerItemProxy;
			containerPortal = 3FFB197B1E82BD3800401134 /* Project object */;
			proxyType = 1;
			remoteGlobalIDString = 3FFB19821E82BD3800401134;
			remoteInfo = "Essence of Life";
		};
		3FFB19A31E82BD3800401134 /* PBXContainerItemProxy */ = {
			isa = PBXContainerItemProxy;
			containerPortal = 3FFB197B1E82BD3800401134 /* Project object */;
			proxyType = 1;
			remoteGlobalIDString = 3FFB19821E82BD3800401134;
			remoteInfo = "Essence of Life";
		};
/* End PBXContainerItemProxy section */

/* Begin PBXFileReference section */
		3F32C5E51EA50C980020A56C /* FunViewController.swift */ = {isa = PBXFileReference; fileEncoding = 4; lastKnownFileType = sourcecode.swift; name = FunViewController.swift; path = ../FunViewController.swift; sourceTree = "<group>"; };
		3F48B07E1EC9F66900049891 /* MedicalSchedulingViewController.swift */ = {isa = PBXFileReference; fileEncoding = 4; lastKnownFileType = sourcecode.swift; path = MedicalSchedulingViewController.swift; sourceTree = "<group>"; };
		3F48B0801EC9F74600049891 /* MedicalTableViewController.swift */ = {isa = PBXFileReference; fileEncoding = 4; lastKnownFileType = sourcecode.swift; path = MedicalTableViewController.swift; sourceTree = "<group>"; };
		3F48B0821EC9F7A900049891 /* MedicalItem.swift */ = {isa = PBXFileReference; fileEncoding = 4; lastKnownFileType = sourcecode.swift; path = MedicalItem.swift; sourceTree = "<group>"; };
		3F48B0841EC9F7C400049891 /* MedicalList.swift */ = {isa = PBXFileReference; fileEncoding = 4; lastKnownFileType = sourcecode.swift; path = MedicalList.swift; sourceTree = "<group>"; };
		3F4BA05A1EA8FFBC0084B1FA /* LoginViewController.swift */ = {isa = PBXFileReference; fileEncoding = 4; lastKnownFileType = sourcecode.swift; path = LoginViewController.swift; sourceTree = "<group>"; };
		3F64BA641EC4ACF60094058F /* SleepTableViewController.swift */ = {isa = PBXFileReference; fileEncoding = 4; lastKnownFileType = sourcecode.swift; path = SleepTableViewController.swift; sourceTree = "<group>"; };
		3F9891561E9727C500D4892E /* Review.swift */ = {isa = PBXFileReference; fileEncoding = 4; lastKnownFileType = sourcecode.swift; path = Review.swift; sourceTree = "<group>"; };
		3F9891581E9727EE00D4892E /* ReviewTableViewController.swift */ = {isa = PBXFileReference; fileEncoding = 4; lastKnownFileType = sourcecode.swift; path = ReviewTableViewController.swift; sourceTree = "<group>"; };
		3F98915A1E97280300D4892E /* ReviewTableViewCell.swift */ = {isa = PBXFileReference; fileEncoding = 4; lastKnownFileType = sourcecode.swift; path = ReviewTableViewCell.swift; sourceTree = "<group>"; };
		3F98915C1E97290500D4892E /* StarControl.swift */ = {isa = PBXFileReference; fileEncoding = 4; lastKnownFileType = sourcecode.swift; name = StarControl.swift; path = ../StarControl.swift; sourceTree = "<group>"; };
		3FACCC5C1EA7AD7300470A3C /* NewPasswordTableViewCell.swift */ = {isa = PBXFileReference; fileEncoding = 4; lastKnownFileType = sourcecode.swift; path = NewPasswordTableViewCell.swift; sourceTree = "<group>"; };
		3FE420D11E9686D100686AEC /* MainPasswordViewController.swift */ = {isa = PBXFileReference; fileEncoding = 4; lastKnownFileType = sourcecode.swift; path = MainPasswordViewController.swift; sourceTree = "<group>"; };
		3FF801751E9BD29800EFF1F9 /* PasswordClass.swift */ = {isa = PBXFileReference; fileEncoding = 4; lastKnownFileType = sourcecode.swift; name = PasswordClass.swift; path = ../PasswordClass.swift; sourceTree = "<group>"; };
		3FFB19831E82BD3800401134 /* Essence of Life.app */ = {isa = PBXFileReference; explicitFileType = wrapper.application; includeInIndex = 0; path = "Essence of Life.app"; sourceTree = BUILT_PRODUCTS_DIR; };
		3FFB19861E82BD3800401134 /* AppDelegate.swift */ = {isa = PBXFileReference; lastKnownFileType = sourcecode.swift; path = AppDelegate.swift; sourceTree = "<group>"; };
		3FFB198B1E82BD3800401134 /* Base */ = {isa = PBXFileReference; lastKnownFileType = file.storyboard; name = Base; path = Base.lproj/Main.storyboard; sourceTree = "<group>"; };
		3FFB198D1E82BD3800401134 /* Assets.xcassets */ = {isa = PBXFileReference; lastKnownFileType = folder.assetcatalog; path = Assets.xcassets; sourceTree = "<group>"; };
		3FFB19901E82BD3800401134 /* Base */ = {isa = PBXFileReference; lastKnownFileType = file.storyboard; name = Base; path = Base.lproj/LaunchScreen.storyboard; sourceTree = "<group>"; };
		3FFB19921E82BD3800401134 /* Info.plist */ = {isa = PBXFileReference; lastKnownFileType = text.plist.xml; path = Info.plist; sourceTree = "<group>"; };
		3FFB19971E82BD3800401134 /* Essence of LifeTests.xctest */ = {isa = PBXFileReference; explicitFileType = wrapper.cfbundle; includeInIndex = 0; path = "Essence of LifeTests.xctest"; sourceTree = BUILT_PRODUCTS_DIR; };
		3FFB199B1E82BD3800401134 /* Essence_of_LifeTests.swift */ = {isa = PBXFileReference; lastKnownFileType = sourcecode.swift; path = Essence_of_LifeTests.swift; sourceTree = "<group>"; };
		3FFB199D1E82BD3800401134 /* Info.plist */ = {isa = PBXFileReference; lastKnownFileType = text.plist.xml; path = Info.plist; sourceTree = "<group>"; };
		3FFB19A21E82BD3800401134 /* Essence of LifeUITests.xctest */ = {isa = PBXFileReference; explicitFileType = wrapper.cfbundle; includeInIndex = 0; path = "Essence of LifeUITests.xctest"; sourceTree = BUILT_PRODUCTS_DIR; };
		3FFB19A61E82BD3800401134 /* Essence_of_LifeUITests.swift */ = {isa = PBXFileReference; lastKnownFileType = sourcecode.swift; path = Essence_of_LifeUITests.swift; sourceTree = "<group>"; };
		3FFB19A81E82BD3800401134 /* Info.plist */ = {isa = PBXFileReference; lastKnownFileType = text.plist.xml; path = Info.plist; sourceTree = "<group>"; };
/* End PBXFileReference section */

/* Begin PBXFrameworksBuildPhase section */
		3FFB19801E82BD3800401134 /* Frameworks */ = {
			isa = PBXFrameworksBuildPhase;
			buildActionMask = 2147483647;
			files = (
			);
			runOnlyForDeploymentPostprocessing = 0;
		};
		3FFB19941E82BD3800401134 /* Frameworks */ = {
			isa = PBXFrameworksBuildPhase;
			buildActionMask = 2147483647;
			files = (
			);
			runOnlyForDeploymentPostprocessing = 0;
		};
		3FFB199F1E82BD3800401134 /* Frameworks */ = {
			isa = PBXFrameworksBuildPhase;
			buildActionMask = 2147483647;
			files = (
			);
			runOnlyForDeploymentPostprocessing = 0;
		};
/* End PBXFrameworksBuildPhase section */

/* Begin PBXGroup section */
		3FFB197A1E82BD3800401134 = {
			isa = PBXGroup;
			children = (
				3FFB19851E82BD3800401134 /* Essence of Life */,
				3FFB199A1E82BD3800401134 /* Essence of LifeTests */,
				3FFB19A51E82BD3800401134 /* Essence of LifeUITests */,
				3FFB19841E82BD3800401134 /* Products */,
			);
			sourceTree = "<group>";
		};
		3FFB19841E82BD3800401134 /* Products */ = {
			isa = PBXGroup;
			children = (
				3FFB19831E82BD3800401134 /* Essence of Life.app */,
				3FFB19971E82BD3800401134 /* Essence of LifeTests.xctest */,
				3FFB19A21E82BD3800401134 /* Essence of LifeUITests.xctest */,
			);
			name = Products;
			sourceTree = "<group>";
		};
		3FFB19851E82BD3800401134 /* Essence of Life */ = {
			isa = PBXGroup;
			children = (
				3FFB19861E82BD3800401134 /* AppDelegate.swift */,
				3F4BA05A1EA8FFBC0084B1FA /* LoginViewController.swift */,
				3FE420D11E9686D100686AEC /* MainPasswordViewController.swift */,
				3FACCC5C1EA7AD7300470A3C /* NewPasswordTableViewCell.swift */,
				3FF801751E9BD29800EFF1F9 /* PasswordClass.swift */,
				3FFB198A1E82BD3800401134 /* Main.storyboard */,
				3F64BA641EC4ACF60094058F /* SleepTableViewController.swift */,
				3F9891581E9727EE00D4892E /* ReviewTableViewController.swift */,
				3F98915A1E97280300D4892E /* ReviewTableViewCell.swift */,
				3F32C5E51EA50C980020A56C /* FunViewController.swift */,
				3F98915C1E97290500D4892E /* StarControl.swift */,
				3F9891561E9727C500D4892E /* Review.swift */,
				3F48B0821EC9F7A900049891 /* MedicalItem.swift */,
				3F48B0841EC9F7C400049891 /* MedicalList.swift */,
				3F48B0801EC9F74600049891 /* MedicalTableViewController.swift */,
				3F48B07E1EC9F66900049891 /* MedicalSchedulingViewController.swift */,
				3FFB198D1E82BD3800401134 /* Assets.xcassets */,
				3FFB198F1E82BD3800401134 /* LaunchScreen.storyboard */,
				3FFB19921E82BD3800401134 /* Info.plist */,
			);
			path = "Essence of Life";
			sourceTree = "<group>";
		};
		3FFB199A1E82BD3800401134 /* Essence of LifeTests */ = {
			isa = PBXGroup;
			children = (
				3FFB199B1E82BD3800401134 /* Essence_of_LifeTests.swift */,
				3FFB199D1E82BD3800401134 /* Info.plist */,
			);
			path = "Essence of LifeTests";
			sourceTree = "<group>";
		};
		3FFB19A51E82BD3800401134 /* Essence of LifeUITests */ = {
			isa = PBXGroup;
			children = (
				3FFB19A61E82BD3800401134 /* Essence_of_LifeUITests.swift */,
				3FFB19A81E82BD3800401134 /* Info.plist */,
			);
			path = "Essence of LifeUITests";
			sourceTree = "<group>";
		};
/* End PBXGroup section */

/* Begin PBXNativeTarget section */
		3FFB19821E82BD3800401134 /* Essence of Life */ = {
			isa = PBXNativeTarget;
			buildConfigurationList = 3FFB19AB1E82BD3800401134 /* Build configuration list for PBXNativeTarget "Essence of Life" */;
			buildPhases = (
				3FFB197F1E82BD3800401134 /* Sources */,
				3FFB19801E82BD3800401134 /* Frameworks */,
				3FFB19811E82BD3800401134 /* Resources */,
			);
			buildRules = (
			);
			dependencies = (
			);
			name = "Essence of Life";
			productName = "Essence of Life";
			productReference = 3FFB19831E82BD3800401134 /* Essence of Life.app */;
			productType = "com.apple.product-type.application";
		};
		3FFB19961E82BD3800401134 /* Essence of LifeTests */ = {
			isa = PBXNativeTarget;
			buildConfigurationList = 3FFB19AE1E82BD3800401134 /* Build configuration list for PBXNativeTarget "Essence of LifeTests" */;
			buildPhases = (
				3FFB19931E82BD3800401134 /* Sources */,
				3FFB19941E82BD3800401134 /* Frameworks */,
				3FFB19951E82BD3800401134 /* Resources */,
			);
			buildRules = (
			);
			dependencies = (
				3FFB19991E82BD3800401134 /* PBXTargetDependency */,
			);
			name = "Essence of LifeTests";
			productName = "Essence of LifeTests";
			productReference = 3FFB19971E82BD3800401134 /* Essence of LifeTests.xctest */;
			productType = "com.apple.product-type.bundle.unit-test";
		};
		3FFB19A11E82BD3800401134 /* Essence of LifeUITests */ = {
			isa = PBXNativeTarget;
			buildConfigurationList = 3FFB19B11E82BD3800401134 /* Build configuration list for PBXNativeTarget "Essence of LifeUITests" */;
			buildPhases = (
				3FFB199E1E82BD3800401134 /* Sources */,
				3FFB199F1E82BD3800401134 /* Frameworks */,
				3FFB19A01E82BD3800401134 /* Resources */,
			);
			buildRules = (
			);
			dependencies = (
				3FFB19A41E82BD3800401134 /* PBXTargetDependency */,
			);
			name = "Essence of LifeUITests";
			productName = "Essence of LifeUITests";
			productReference = 3FFB19A21E82BD3800401134 /* Essence of LifeUITests.xctest */;
			productType = "com.apple.product-type.bundle.ui-testing";
		};
/* End PBXNativeTarget section */

/* Begin PBXProject section */
		3FFB197B1E82BD3800401134 /* Project object */ = {
			isa = PBXProject;
			attributes = {
				LastSwiftUpdateCheck = 0810;
				LastUpgradeCheck = 0810;
				ORGANIZATIONNAME = "Les Lentilz";
				TargetAttributes = {
					3FFB19821E82BD3800401134 = {
						CreatedOnToolsVersion = 8.1;
						ProvisioningStyle = Automatic;
					};
					3FFB19961E82BD3800401134 = {
						CreatedOnToolsVersion = 8.1;
						ProvisioningStyle = Automatic;
						TestTargetID = 3FFB19821E82BD3800401134;
					};
					3FFB19A11E82BD3800401134 = {
						CreatedOnToolsVersion = 8.1;
						ProvisioningStyle = Automatic;
						TestTargetID = 3FFB19821E82BD3800401134;
					};
				};
			};
			buildConfigurationList = 3FFB197E1E82BD3800401134 /* Build configuration list for PBXProject "Essence of Life" */;
			compatibilityVersion = "Xcode 3.2";
			developmentRegion = English;
			hasScannedForEncodings = 0;
			knownRegions = (
				en,
				Base,
			);
			mainGroup = 3FFB197A1E82BD3800401134;
			productRefGroup = 3FFB19841E82BD3800401134 /* Products */;
			projectDirPath = "";
			projectRoot = "";
			targets = (
				3FFB19821E82BD3800401134 /* Essence of Life */,
				3FFB19961E82BD3800401134 /* Essence of LifeTests */,
				3FFB19A11E82BD3800401134 /* Essence of LifeUITests */,
			);
		};
/* End PBXProject section */

/* Begin PBXResourcesBuildPhase section */
		3FFB19811E82BD3800401134 /* Resources */ = {
			isa = PBXResourcesBuildPhase;
			buildActionMask = 2147483647;
			files = (
				3FFB19911E82BD3800401134 /* LaunchScreen.storyboard in Resources */,
				3FFB198E1E82BD3800401134 /* Assets.xcassets in Resources */,
				3FFB198C1E82BD3800401134 /* Main.storyboard in Resources */,
			);
			runOnlyForDeploymentPostprocessing = 0;
		};
		3FFB19951E82BD3800401134 /* Resources */ = {
			isa = PBXResourcesBuildPhase;
			buildActionMask = 2147483647;
			files = (
			);
			runOnlyForDeploymentPostprocessing = 0;
		};
		3FFB19A01E82BD3800401134 /* Resources */ = {
			isa = PBXResourcesBuildPhase;
			buildActionMask = 2147483647;
			files = (
			);
			runOnlyForDeploymentPostprocessing = 0;
		};
/* End PBXResourcesBuildPhase section */

/* Begin PBXSourcesBuildPhase section */
		3FFB197F1E82BD3800401134 /* Sources */ = {
			isa = PBXSourcesBuildPhase;
			buildActionMask = 2147483647;
			files = (
				3F4BA05B1EA8FFBC0084B1FA /* LoginViewController.swift in Sources */,
				3F32C5E61EA50C980020A56C /* FunViewController.swift in Sources */,
				3F9891571E9727C500D4892E /* Review.swift in Sources */,
				3F48B0811EC9F74600049891 /* MedicalTableViewController.swift in Sources */,
				3F48B0831EC9F7A900049891 /* MedicalItem.swift in Sources */,
				3F9891591E9727EE00D4892E /* ReviewTableViewController.swift in Sources */,
				3F48B07F1EC9F66900049891 /* MedicalSchedulingViewController.swift in Sources */,
				3FE420D21E9686D100686AEC /* MainPasswordViewController.swift in Sources */,
				3FF801761E9BD29800EFF1F9 /* PasswordClass.swift in Sources */,
				3F98915B1E97280300D4892E /* ReviewTableViewCell.swift in Sources */,
				3FFB19871E82BD3800401134 /* AppDelegate.swift in Sources */,
				3FACCC5D1EA7AD7300470A3C /* NewPasswordTableViewCell.swift in Sources */,
				3F48B0851EC9F7C400049891 /* MedicalList.swift in Sources */,
				3F64BA651EC4ACF60094058F /* SleepTableViewController.swift in Sources */,
				3F98915D1E97290500D4892E /* StarControl.swift in Sources */,
			);
			runOnlyForDeploymentPostprocessing = 0;
		};
		3FFB19931E82BD3800401134 /* Sources */ = {
			isa = PBXSourcesBuildPhase;
			buildActionMask = 2147483647;
			files = (
				3FFB199C1E82BD3800401134 /* Essence_of_LifeTests.swift in Sources */,
			);
			runOnlyForDeploymentPostprocessing = 0;
		};
		3FFB199E1E82BD3800401134 /* Sources */ = {
			isa = PBXSourcesBuildPhase;
			buildActionMask = 2147483647;
			files = (
				3FFB19A71E82BD3800401134 /* Essence_of_LifeUITests.swift in Sources */,
			);
			runOnlyForDeploymentPostprocessing = 0;
		};
/* End PBXSourcesBuildPhase section */

/* Begin PBXTargetDependency section */
		3FFB19991E82BD3800401134 /* PBXTargetDependency */ = {
			isa = PBXTargetDependency;
			target = 3FFB19821E82BD3800401134 /* Essence of Life */;
			targetProxy = 3FFB19981E82BD3800401134 /* PBXContainerItemProxy */;
		};
		3FFB19A41E82BD3800401134 /* PBXTargetDependency */ = {
			isa = PBXTargetDependency;
			target = 3FFB19821E82BD3800401134 /* Essence of Life */;
			targetProxy = 3FFB19A31E82BD3800401134 /* PBXContainerItemProxy */;
		};
/* End PBXTargetDependency section */

/* Begin PBXVariantGroup section */
		3FFB198A1E82BD3800401134 /* Main.storyboard */ = {
			isa = PBXVariantGroup;
			children = (
				3FFB198B1E82BD3800401134 /* Base */,
			);
			name = Main.storyboard;
			sourceTree = "<group>";
		};
		3FFB198F1E82BD3800401134 /* LaunchScreen.storyboard */ = {
			isa = PBXVariantGroup;
			children = (
				3FFB19901E82BD3800401134 /* Base */,
			);
			name = LaunchScreen.storyboard;
			sourceTree = "<group>";
		};
/* End PBXVariantGroup section */

/* Begin XCBuildConfiguration section */
		3FFB19A91E82BD3800401134 /* Debug */ = {
			isa = XCBuildConfiguration;
			buildSettings = {
				ALWAYS_SEARCH_USER_PATHS = NO;
				CLANG_ANALYZER_NONNULL = YES;
				CLANG_CXX_LANGUAGE_STANDARD = "gnu++0x";
				CLANG_CXX_LIBRARY = "libc++";
				CLANG_ENABLE_MODULES = YES;
				CLANG_ENABLE_OBJC_ARC = YES;
				CLANG_WARN_BOOL_CONVERSION = YES;
				CLANG_WARN_CONSTANT_CONVERSION = YES;
				CLANG_WARN_DIRECT_OBJC_ISA_USAGE = YES_ERROR;
				CLANG_WARN_DOCUMENTATION_COMMENTS = YES;
				CLANG_WARN_EMPTY_BODY = YES;
				CLANG_WARN_ENUM_CONVERSION = YES;
				CLANG_WARN_INFINITE_RECURSION = YES;
				CLANG_WARN_INT_CONVERSION = YES;
				CLANG_WARN_OBJC_ROOT_CLASS = YES_ERROR;
				CLANG_WARN_SUSPICIOUS_MOVES = YES;
				CLANG_WARN_UNREACHABLE_CODE = YES;
				CLANG_WARN__DUPLICATE_METHOD_MATCH = YES;
				"CODE_SIGN_IDENTITY[sdk=iphoneos*]" = "iPhone Developer";
				COPY_PHASE_STRIP = NO;
				DEBUG_INFORMATION_FORMAT = dwarf;
				ENABLE_STRICT_OBJC_MSGSEND = YES;
				ENABLE_TESTABILITY = YES;
				GCC_C_LANGUAGE_STANDARD = gnu99;
				GCC_DYNAMIC_NO_PIC = NO;
				GCC_NO_COMMON_BLOCKS = YES;
				GCC_OPTIMIZATION_LEVEL = 0;
				GCC_PREPROCESSOR_DEFINITIONS = (
					"DEBUG=1",
					"$(inherited)",
				);
				GCC_WARN_64_TO_32_BIT_CONVERSION = YES;
				GCC_WARN_ABOUT_RETURN_TYPE = YES_ERROR;
				GCC_WARN_UNDECLARED_SELECTOR = YES;
				GCC_WARN_UNINITIALIZED_AUTOS = YES_AGGRESSIVE;
				GCC_WARN_UNUSED_FUNCTION = YES;
				GCC_WARN_UNUSED_VARIABLE = YES;
				IPHONEOS_DEPLOYMENT_TARGET = 10.1;
				MTL_ENABLE_DEBUG_INFO = YES;
				ONLY_ACTIVE_ARCH = YES;
				SDKROOT = iphoneos;
				SWIFT_ACTIVE_COMPILATION_CONDITIONS = DEBUG;
				SWIFT_OPTIMIZATION_LEVEL = "-Onone";
				TARGETED_DEVICE_FAMILY = "1,2";
			};
			name = Debug;
		};
		3FFB19AA1E82BD3800401134 /* Release */ = {
			isa = XCBuildConfiguration;
			buildSettings = {
				ALWAYS_SEARCH_USER_PATHS = NO;
				CLANG_ANALYZER_NONNULL = YES;
				CLANG_CXX_LANGUAGE_STANDARD = "gnu++0x";
				CLANG_CXX_LIBRARY = "libc++";
				CLANG_ENABLE_MODULES = YES;
				CLANG_ENABLE_OBJC_ARC = YES;
				CLANG_WARN_BOOL_CONVERSION = YES;
				CLANG_WARN_CONSTANT_CONVERSION = YES;
				CLANG_WARN_DIRECT_OBJC_ISA_USAGE = YES_ERROR;
				CLANG_WARN_DOCUMENTATION_COMMENTS = YES;
				CLANG_WARN_EMPTY_BODY = YES;
				CLANG_WARN_ENUM_CONVERSION = YES;
				CLANG_WARN_INFINITE_RECURSION = YES;
				CLANG_WARN_INT_CONVERSION = YES;
				CLANG_WARN_OBJC_ROOT_CLASS = YES_ERROR;
				CLANG_WARN_SUSPICIOUS_MOVES = YES;
				CLANG_WARN_UNREACHABLE_CODE = YES;
				CLANG_WARN__DUPLICATE_METHOD_MATCH = YES;
				"CODE_SIGN_IDENTITY[sdk=iphoneos*]" = "iPhone Developer";
				COPY_PHASE_STRIP = NO;
				DEBUG_INFORMATION_FORMAT = "dwarf-with-dsym";
				ENABLE_NS_ASSERTIONS = NO;
				ENABLE_STRICT_OBJC_MSGSEND = YES;
				GCC_C_LANGUAGE_STANDARD = gnu99;
				GCC_NO_COMMON_BLOCKS = YES;
				GCC_WARN_64_TO_32_BIT_CONVERSION = YES;
				GCC_WARN_ABOUT_RETURN_TYPE = YES_ERROR;
				GCC_WARN_UNDECLARED_SELECTOR = YES;
				GCC_WARN_UNINITIALIZED_AUTOS = YES_AGGRESSIVE;
				GCC_WARN_UNUSED_FUNCTION = YES;
				GCC_WARN_UNUSED_VARIABLE = YES;
				IPHONEOS_DEPLOYMENT_TARGET = 10.1;
				MTL_ENABLE_DEBUG_INFO = NO;
				SDKROOT = iphoneos;
				SWIFT_OPTIMIZATION_LEVEL = "-Owholemodule";
				TARGETED_DEVICE_FAMILY = "1,2";
				VALIDATE_PRODUCT = YES;
			};
			name = Release;
		};
		3FFB19AC1E82BD3800401134 /* Debug */ = {
			isa = XCBuildConfiguration;
			buildSettings = {
				ASSETCATALOG_COMPILER_APPICON_NAME = AppIcon;
				INFOPLIST_FILE = "Essence of Life/Info.plist";
				LD_RUNPATH_SEARCH_PATHS = "$(inherited) @executable_path/Frameworks";
				PRODUCT_BUNDLE_IDENTIFIER = "BHS.Essence-of-Life";
				PRODUCT_NAME = "$(TARGET_NAME)";
				SWIFT_VERSION = 3.0;
			};
			name = Debug;
		};
		3FFB19AD1E82BD3800401134 /* Release */ = {
			isa = XCBuildConfiguration;
			buildSettings = {
				ASSETCATALOG_COMPILER_APPICON_NAME = AppIcon;
				INFOPLIST_FILE = "Essence of Life/Info.plist";
				LD_RUNPATH_SEARCH_PATHS = "$(inherited) @executable_path/Frameworks";
				PRODUCT_BUNDLE_IDENTIFIER = "BHS.Essence-of-Life";
				PRODUCT_NAME = "$(TARGET_NAME)";
				SWIFT_VERSION = 2.3;
			};
			name = Release;
		};
		3FFB19AF1E82BD3800401134 /* Debug */ = {
			isa = XCBuildConfiguration;
			buildSettings = {
				ALWAYS_EMBED_SWIFT_STANDARD_LIBRARIES = YES;
				BUNDLE_LOADER = "$(TEST_HOST)";
				INFOPLIST_FILE = "Essence of LifeTests/Info.plist";
				LD_RUNPATH_SEARCH_PATHS = "$(inherited) @executable_path/Frameworks @loader_path/Frameworks";
				PRODUCT_BUNDLE_IDENTIFIER = "BHS.Essence-of-LifeTests";
				PRODUCT_NAME = "$(TARGET_NAME)";
				SWIFT_VERSION = 3.0;
				TEST_HOST = "$(BUILT_PRODUCTS_DIR)/Essence of Life.app/Essence of Life";
			};
			name = Debug;
		};
		3FFB19B01E82BD3800401134 /* Release */ = {
			isa = XCBuildConfiguration;
			buildSettings = {
				ALWAYS_EMBED_SWIFT_STANDARD_LIBRARIES = YES;
				BUNDLE_LOADER = "$(TEST_HOST)";
				INFOPLIST_FILE = "Essence of LifeTests/Info.plist";
				LD_RUNPATH_SEARCH_PATHS = "$(inherited) @executable_path/Frameworks @loader_path/Frameworks";
				PRODUCT_BUNDLE_IDENTIFIER = "BHS.Essence-of-LifeTests";
				PRODUCT_NAME = "$(TARGET_NAME)";
				SWIFT_VERSION = 3.0;
				TEST_HOST = "$(BUILT_PRODUCTS_DIR)/Essence of Life.app/Essence of Life";
			};
			name = Release;
		};
		3FFB19B21E82BD3800401134 /* Debug */ = {
			isa = XCBuildConfiguration;
			buildSettings = {
				ALWAYS_EMBED_SWIFT_STANDARD_LIBRARIES = YES;
				INFOPLIST_FILE = "Essence of LifeUITests/Info.plist";
				LD_RUNPATH_SEARCH_PATHS = "$(inherited) @executable_path/Frameworks @loader_path/Frameworks";
				PRODUCT_BUNDLE_IDENTIFIER = "BHS.Essence-of-LifeUITests";
				PRODUCT_NAME = "$(TARGET_NAME)";
				SWIFT_VERSION = 3.0;
				TEST_TARGET_NAME = "Essence of Life";
			};
			name = Debug;
		};
		3FFB19B31E82BD3800401134 /* Release */ = {
			isa = XCBuildConfiguration;
			buildSettings = {
				ALWAYS_EMBED_SWIFT_STANDARD_LIBRARIES = YES;
				INFOPLIST_FILE = "Essence of LifeUITests/Info.plist";
				LD_RUNPATH_SEARCH_PATHS = "$(inherited) @executable_path/Frameworks @loader_path/Frameworks";
				PRODUCT_BUNDLE_IDENTIFIER = "BHS.Essence-of-LifeUITests";
				PRODUCT_NAME = "$(TARGET_NAME)";
				SWIFT_VERSION = 3.0;
				TEST_TARGET_NAME = "Essence of Life";
			};
			name = Release;
		};
/* End XCBuildConfiguration section */

/* Begin XCConfigurationList section */
		3FFB197E1E82BD3800401134 /* Build configuration list for PBXProject "Essence of Life" */ = {
			isa = XCConfigurationList;
			buildConfigurations = (
				3FFB19A91E82BD3800401134 /* Debug */,
				3FFB19AA1E82BD3800401134 /* Release */,
			);
			defaultConfigurationIsVisible = 0;
			defaultConfigurationName = Release;
		};
		3FFB19AB1E82BD3800401134 /* Build configuration list for PBXNativeTarget "Essence of Life" */ = {
			isa = XCConfigurationList;
			buildConfigurations = (
				3FFB19AC1E82BD3800401134 /* Debug */,
				3FFB19AD1E82BD3800401134 /* Release */,
			);
			defaultConfigurationIsVisible = 0;
			defaultConfigurationName = Release;
		};
		3FFB19AE1E82BD3800401134 /* Build configuration list for PBXNativeTarget "Essence of LifeTests" */ = {
			isa = XCConfigurationList;
			buildConfigurations = (
				3FFB19AF1E82BD3800401134 /* Debug */,
				3FFB19B01E82BD3800401134 /* Release */,
			);
			defaultConfigurationIsVisible = 0;
			defaultConfigurationName = Release;
		};
		3FFB19B11E82BD3800401134 /* Build configuration list for PBXNativeTarget "Essence of LifeUITests" */ = {
			isa = XCConfigurationList;
			buildConfigurations = (
				3FFB19B21E82BD3800401134 /* Debug */,
				3FFB19B31E82BD3800401134 /* Release */,
			);
			defaultConfigurationIsVisible = 0;
			defaultConfigurationName = Release;
		};
/* End XCConfigurationList section */
	};
	rootObject = 3FFB197B1E82BD3800401134 /* Project object */;
}
